
Microsoft Visual Studio Solution File, Format Version 12.00
# Visual Studio Version 17
VisualStudioVersion = 17.3.32922.545
MinimumVisualStudioVersion = 10.0.40219.1
Project("{FAE04EC0-301F-11D3-BF4B-00C04F79EFBC}") = "TestGithub", "TestGithub.csproj", "{AC6FF10E-8E37-4D6D-ABA6-CF23EBA5607B}"
EndProject
Global
	GlobalSection(SolutionConfigurationPlatforms) = preSolution
		Debug|Any CPU = Debug|Any CPU
		Release|Any CPU = Release|Any CPU
	EndGlobalSection
	GlobalSection(ProjectConfigurationPlatforms) = postSolution
		{AC6FF10E-8E37-4D6D-ABA6-CF23EBA5607B}.Debug|Any CPU.ActiveCfg = Debug|Any CPU
		{AC6FF10E-8E37-4D6D-ABA6-CF23EBA5607B}.Debug|Any CPU.Build.0 = Debug|Any CPU
		{AC6FF10E-8E37-4D6D-ABA6-CF23EBA5607B}.Release|Any CPU.ActiveCfg = Release|Any CPU
		{AC6FF10E-8E37-4D6D-ABA6-CF23EBA5607B}.Release|Any CPU.Build.0 = Release|Any CPU
	EndGlobalSection
	GlobalSection(SolutionProperties) = preSolution
		HideSolutionNode = FALSE
	EndGlobalSection
	GlobalSection(ExtensibilityGlobals) = postSolution
		SolutionGuid = {04126478-5E33-4E02-B9CB-AEDFAB343997}
	EndGlobalSection
EndGlobal
